// !$*UTF8*$!
{
	archiveVersion = 1;
	classes = {
	};
	objectVersion = 50;
	objects = {

/* Begin PBXBuildFile section */
		913DB5B924A36502009BEC46 /* CercaApp.swift in Sources */ = {isa = PBXBuildFile; fileRef = 913DB5B824A36502009BEC46 /* CercaApp.swift */; };
		913DB5BB24A36502009BEC46 /* NearbyView.swift in Sources */ = {isa = PBXBuildFile; fileRef = 913DB5BA24A36502009BEC46 /* NearbyView.swift */; };
		913DB5BD24A3650C009BEC46 /* Assets.xcassets in Resources */ = {isa = PBXBuildFile; fileRef = 913DB5BC24A3650C009BEC46 /* Assets.xcassets */; };
		913DB5C024A3650C009BEC46 /* Preview Assets.xcassets in Resources */ = {isa = PBXBuildFile; fileRef = 913DB5BF24A3650C009BEC46 /* Preview Assets.xcassets */; };
		913DB5C924A36523009BEC46 /* NearbyInteraction.framework in Frameworks */ = {isa = PBXBuildFile; fileRef = 913DB5C824A36523009BEC46 /* NearbyInteraction.framework */; };
		9162EED524A38447005D7F0B /* CercaViewModel.swift in Sources */ = {isa = PBXBuildFile; fileRef = 9162EED424A38446005D7F0B /* CercaViewModel.swift */; };
		9162EED724A385A5005D7F0B /* ErrorView.swift in Sources */ = {isa = PBXBuildFile; fileRef = 9162EED624A385A5005D7F0B /* ErrorView.swift */; };
		9162EED924A386B6005D7F0B /* UserInterface.xcassets in Resources */ = {isa = PBXBuildFile; fileRef = 9162EED824A386B6005D7F0B /* UserInterface.xcassets */; };
		9162EEDB24A38CE7005D7F0B /* MultipeerConnectivity.framework in Frameworks */ = {isa = PBXBuildFile; fileRef = 9162EEDA24A38CE7005D7F0B /* MultipeerConnectivity.framework */; };
/* End PBXBuildFile section */

/* Begin PBXFileReference section */
		913DB5B524A36502009BEC46 /* Cerca.app */ = {isa = PBXFileReference; explicitFileType = wrapper.application; includeInIndex = 0; path = Cerca.app; sourceTree = BUILT_PRODUCTS_DIR; };
		913DB5B824A36502009BEC46 /* CercaApp.swift */ = {isa = PBXFileReference; lastKnownFileType = sourcecode.swift; path = CercaApp.swift; sourceTree = "<group>"; };
		913DB5BA24A36502009BEC46 /* NearbyView.swift */ = {isa = PBXFileReference; lastKnownFileType = sourcecode.swift; path = NearbyView.swift; sourceTree = "<group>"; };
		913DB5BC24A3650C009BEC46 /* Assets.xcassets */ = {isa = PBXFileReference; lastKnownFileType = folder.assetcatalog; path = Assets.xcassets; sourceTree = "<group>"; };
		913DB5BF24A3650C009BEC46 /* Preview Assets.xcassets */ = {isa = PBXFileReference; lastKnownFileType = folder.assetcatalog; path = "Preview Assets.xcassets"; sourceTree = "<group>"; };
		913DB5C124A3650C009BEC46 /* Info.plist */ = {isa = PBXFileReference; lastKnownFileType = text.plist.xml; path = Info.plist; sourceTree = "<group>"; };
		913DB5C824A36523009BEC46 /* NearbyInteraction.framework */ = {isa = PBXFileReference; lastKnownFileType = wrapper.framework; name = NearbyInteraction.framework; path = System/Library/Frameworks/NearbyInteraction.framework; sourceTree = SDKROOT; };
		9162EED424A38446005D7F0B /* CercaViewModel.swift */ = {isa = PBXFileReference; lastKnownFileType = sourcecode.swift; path = CercaViewModel.swift; sourceTree = "<group>"; };
		9162EED624A385A5005D7F0B /* ErrorView.swift */ = {isa = PBXFileReference; lastKnownFileType = sourcecode.swift; path = ErrorView.swift; sourceTree = "<group>"; };
		9162EED824A386B6005D7F0B /* UserInterface.xcassets */ = {isa = PBXFileReference; lastKnownFileType = folder.assetcatalog; path = UserInterface.xcassets; sourceTree = "<group>"; };
		9162EEDA24A38CE7005D7F0B /* MultipeerConnectivity.framework */ = {isa = PBXFileReference; lastKnownFileType = wrapper.framework; name = MultipeerConnectivity.framework; path = System/Library/Frameworks/MultipeerConnectivity.framework; sourceTree = SDKROOT; };
/* End PBXFileReference section */

/* Begin PBXFrameworksBuildPhase section */
		913DB5B224A36502009BEC46 /* Frameworks */ = {
			isa = PBXFrameworksBuildPhase;
			buildActionMask = 2147483647;
			files = (
				913DB5C924A36523009BEC46 /* NearbyInteraction.framework in Frameworks */,
				9162EEDB24A38CE7005D7F0B /* MultipeerConnectivity.framework in Frameworks */,
			);
			runOnlyForDeploymentPostprocessing = 0;
		};
/* End PBXFrameworksBuildPhase section */

/* Begin PBXGroup section */
		913DB5AC24A36502009BEC46 = {
			isa = PBXGroup;
			children = (
				913DB5B724A36502009BEC46 /* Cerca */,
				913DB5B624A36502009BEC46 /* Products */,
				913DB5C724A36523009BEC46 /* Frameworks */,
			);
			sourceTree = "<group>";
		};
		913DB5B624A36502009BEC46 /* Products */ = {
			isa = PBXGroup;
			children = (
				913DB5B524A36502009BEC46 /* Cerca.app */,
			);
			name = Products;
			sourceTree = "<group>";
		};
		913DB5B724A36502009BEC46 /* Cerca */ = {
			isa = PBXGroup;
			children = (
				913DB5C124A3650C009BEC46 /* Info.plist */,
				913DB5B824A36502009BEC46 /* CercaApp.swift */,
				9162EED324A383D3005D7F0B /* Resources */,
				9162EED224A383CC005D7F0B /* Views */,
				9162EED124A383C1005D7F0B /* ViewModels */,
				913DB5BE24A3650C009BEC46 /* Preview Content */,
			);
			path = Cerca;
			sourceTree = "<group>";
		};
		913DB5BE24A3650C009BEC46 /* Preview Content */ = {
			isa = PBXGroup;
			children = (
				913DB5BF24A3650C009BEC46 /* Preview Assets.xcassets */,
			);
			path = "Preview Content";
			sourceTree = "<group>";
		};
		913DB5C724A36523009BEC46 /* Frameworks */ = {
			isa = PBXGroup;
			children = (
				9162EEDA24A38CE7005D7F0B /* MultipeerConnectivity.framework */,
				913DB5C824A36523009BEC46 /* NearbyInteraction.framework */,
			);
			name = Frameworks;
			sourceTree = "<group>";
		};
		9162EED124A383C1005D7F0B /* ViewModels */ = {
			isa = PBXGroup;
			children = (
				9162EED424A38446005D7F0B /* CercaViewModel.swift */,
			);
			path = ViewModels;
			sourceTree = "<group>";
		};
		9162EED224A383CC005D7F0B /* Views */ = {
			isa = PBXGroup;
			children = (
				913DB5BA24A36502009BEC46 /* NearbyView.swift */,
				9162EED624A385A5005D7F0B /* ErrorView.swift */,
			);
			path = Views;
			sourceTree = "<group>";
		};
		9162EED324A383D3005D7F0B /* Resources */ = {
			isa = PBXGroup;
			children = (
				913DB5BC24A3650C009BEC46 /* Assets.xcassets */,
				9162EED824A386B6005D7F0B /* UserInterface.xcassets */,
			);
			path = Resources;
			sourceTree = "<group>";
		};
/* End PBXGroup section */

/* Begin PBXNativeTarget section */
		913DB5B424A36502009BEC46 /* Cerca */ = {
			isa = PBXNativeTarget;
			buildConfigurationList = 913DB5C424A3650C009BEC46 /* Build configuration list for PBXNativeTarget "Cerca" */;
			buildPhases = (
				913DB5B124A36502009BEC46 /* Sources */,
				913DB5B224A36502009BEC46 /* Frameworks */,
				913DB5B324A36502009BEC46 /* Resources */,
			);
			buildRules = (
			);
			dependencies = (
			);
			name = Cerca;
			productName = Cerca;
			productReference = 913DB5B524A36502009BEC46 /* Cerca.app */;
			productType = "com.apple.product-type.application";
		};
/* End PBXNativeTarget section */

/* Begin PBXProject section */
		913DB5AD24A36502009BEC46 /* Project object */ = {
			isa = PBXProject;
			attributes = {
				LastSwiftUpdateCheck = 1200;
				LastUpgradeCheck = 1200;
				TargetAttributes = {
					913DB5B424A36502009BEC46 = {
						CreatedOnToolsVersion = 12.0;
					};
				};
			};
			buildConfigurationList = 913DB5B024A36502009BEC46 /* Build configuration list for PBXProject "Cerca" */;
			compatibilityVersion = "Xcode 9.3";
			developmentRegion = en;
			hasScannedForEncodings = 0;
			knownRegions = (
				en,
				Base,
			);
			mainGroup = 913DB5AC24A36502009BEC46;
			productRefGroup = 913DB5B624A36502009BEC46 /* Products */;
			projectDirPath = "";
			projectRoot = "";
			targets = (
				913DB5B424A36502009BEC46 /* Cerca */,
			);
		};
/* End PBXProject section */

/* Begin PBXResourcesBuildPhase section */
		913DB5B324A36502009BEC46 /* Resources */ = {
			isa = PBXResourcesBuildPhase;
			buildActionMask = 2147483647;
			files = (
				913DB5C024A3650C009BEC46 /* Preview Assets.xcassets in Resources */,
				9162EED924A386B6005D7F0B /* UserInterface.xcassets in Resources */,
				913DB5BD24A3650C009BEC46 /* Assets.xcassets in Resources */,
			);
			runOnlyForDeploymentPostprocessing = 0;
		};
/* End PBXResourcesBuildPhase section */

/* Begin PBXSourcesBuildPhase section */
		913DB5B124A36502009BEC46 /* Sources */ = {
			isa = PBXSourcesBuildPhase;
			buildActionMask = 2147483647;
			files = (
				913DB5BB24A36502009BEC46 /* NearbyView.swift in Sources */,
				913DB5B924A36502009BEC46 /* CercaApp.swift in Sources */,
				9162EED524A38447005D7F0B /* CercaViewModel.swift in Sources */,
				9162EED724A385A5005D7F0B /* ErrorView.swift in Sources */,
			);
			runOnlyForDeploymentPostprocessing = 0;
		};
/* End PBXSourcesBuildPhase section */

/* Begin XCBuildConfiguration section */
		913DB5C224A3650C009BEC46 /* Debug */ = {
			isa = XCBuildConfiguration;
			buildSettings = {
				ALWAYS_SEARCH_USER_PATHS = NO;
				CLANG_ANALYZER_NONNULL = YES;
				CLANG_ANALYZER_NUMBER_OBJECT_CONVERSION = YES_AGGRESSIVE;
				CLANG_CXX_LANGUAGE_STANDARD = "gnu++14";
				CLANG_CXX_LIBRARY = "libc++";
				CLANG_ENABLE_MODULES = YES;
				CLANG_ENABLE_OBJC_ARC = YES;
				CLANG_ENABLE_OBJC_WEAK = YES;
				CLANG_WARN_BLOCK_CAPTURE_AUTORELEASING = YES;
				CLANG_WARN_BOOL_CONVERSION = YES;
				CLANG_WARN_COMMA = YES;
				CLANG_WARN_CONSTANT_CONVERSION = YES;
				CLANG_WARN_DEPRECATED_OBJC_IMPLEMENTATIONS = YES;
				CLANG_WARN_DIRECT_OBJC_ISA_USAGE = YES_ERROR;
				CLANG_WARN_DOCUMENTATION_COMMENTS = YES;
				CLANG_WARN_EMPTY_BODY = YES;
				CLANG_WARN_ENUM_CONVERSION = YES;
				CLANG_WARN_INFINITE_RECURSION = YES;
				CLANG_WARN_INT_CONVERSION = YES;
				CLANG_WARN_NON_LITERAL_NULL_CONVERSION = YES;
				CLANG_WARN_OBJC_IMPLICIT_RETAIN_SELF = YES;
				CLANG_WARN_OBJC_LITERAL_CONVERSION = YES;
				CLANG_WARN_OBJC_ROOT_CLASS = YES_ERROR;
				CLANG_WARN_QUOTED_INCLUDE_IN_FRAMEWORK_HEADER = YES;
				CLANG_WARN_RANGE_LOOP_ANALYSIS = YES;
				CLANG_WARN_STRICT_PROTOTYPES = YES;
				CLANG_WARN_SUSPICIOUS_MOVE = YES;
				CLANG_WARN_UNGUARDED_AVAILABILITY = YES_AGGRESSIVE;
				CLANG_WARN_UNREACHABLE_CODE = YES;
				CLANG_WARN__DUPLICATE_METHOD_MATCH = YES;
				COPY_PHASE_STRIP = NO;
				DEBUG_INFORMATION_FORMAT = dwarf;
				ENABLE_STRICT_OBJC_MSGSEND = YES;
				ENABLE_TESTABILITY = YES;
				GCC_C_LANGUAGE_STANDARD = gnu11;
				GCC_DYNAMIC_NO_PIC = NO;
				GCC_NO_COMMON_BLOCKS = YES;
				GCC_OPTIMIZATION_LEVEL = 0;
				GCC_PREPROCESSOR_DEFINITIONS = (
					"DEBUG=1",
					"$(inherited)",
				);
				GCC_WARN_64_TO_32_BIT_CONVERSION = YES;
				GCC_WARN_ABOUT_RETURN_TYPE = YES_ERROR;
				GCC_WARN_UNDECLARED_SELECTOR = YES;
				GCC_WARN_UNINITIALIZED_AUTOS = YES_AGGRESSIVE;
				GCC_WARN_UNUSED_FUNCTION = YES;
				GCC_WARN_UNUSED_VARIABLE = YES;
				IPHONEOS_DEPLOYMENT_TARGET = 14.0;
				MTL_ENABLE_DEBUG_INFO = INCLUDE_SOURCE;
				MTL_FAST_MATH = YES;
				ONLY_ACTIVE_ARCH = YES;
				SDKROOT = iphoneos;
				SWIFT_ACTIVE_COMPILATION_CONDITIONS = DEBUG;
				SWIFT_OPTIMIZATION_LEVEL = "-Onone";
			};
			name = Debug;
		};
		913DB5C324A3650C009BEC46 /* Release */ = {
			isa = XCBuildConfiguration;
			buildSettings = {
				ALWAYS_SEARCH_USER_PATHS = NO;
				CLANG_ANALYZER_NONNULL = YES;
				CLANG_ANALYZER_NUMBER_OBJECT_CONVERSION = YES_AGGRESSIVE;
				CLANG_CXX_LANGUAGE_STANDARD = "gnu++14";
				CLANG_CXX_LIBRARY = "libc++";
				CLANG_ENABLE_MODULES = YES;
				CLANG_ENABLE_OBJC_ARC = YES;
				CLANG_ENABLE_OBJC_WEAK = YES;
				CLANG_WARN_BLOCK_CAPTURE_AUTORELEASING = YES;
				CLANG_WARN_BOOL_CONVERSION = YES;
				CLANG_WARN_COMMA = YES;
				CLANG_WARN_CONSTANT_CONVERSION = YES;
				CLANG_WARN_DEPRECATED_OBJC_IMPLEMENTATIONS = YES;
				CLANG_WARN_DIRECT_OBJC_ISA_USAGE = YES_ERROR;
				CLANG_WARN_DOCUMENTATION_COMMENTS = YES;
				CLANG_WARN_EMPTY_BODY = YES;
				CLANG_WARN_ENUM_CONVERSION = YES;
				CLANG_WARN_INFINITE_RECURSION = YES;
				CLANG_WARN_INT_CONVERSION = YES;
				CLANG_WARN_NON_LITERAL_NULL_CONVERSION = YES;
				CLANG_WARN_OBJC_IMPLICIT_RETAIN_SELF = YES;
				CLANG_WARN_OBJC_LITERAL_CONVERSION = YES;
				CLANG_WARN_OBJC_ROOT_CLASS = YES_ERROR;
				CLANG_WARN_QUOTED_INCLUDE_IN_FRAMEWORK_HEADER = YES;
				CLANG_WARN_RANGE_LOOP_ANALYSIS = YES;
				CLANG_WARN_STRICT_PROTOTYPES = YES;
				CLANG_WARN_SUSPICIOUS_MOVE = YES;
				CLANG_WARN_UNGUARDED_AVAILABILITY = YES_AGGRESSIVE;
				CLANG_WARN_UNREACHABLE_CODE = YES;
				CLANG_WARN__DUPLICATE_METHOD_MATCH = YES;
				COPY_PHASE_STRIP = NO;
				DEBUG_INFORMATION_FORMAT = "dwarf-with-dsym";
				ENABLE_NS_ASSERTIONS = NO;
				ENABLE_STRICT_OBJC_MSGSEND = YES;
				GCC_C_LANGUAGE_STANDARD = gnu11;
				GCC_NO_COMMON_BLOCKS = YES;
				GCC_WARN_64_TO_32_BIT_CONVERSION = YES;
				GCC_WARN_ABOUT_RETURN_TYPE = YES_ERROR;
				GCC_WARN_UNDECLARED_SELECTOR = YES;
				GCC_WARN_UNINITIALIZED_AUTOS = YES_AGGRESSIVE;
				GCC_WARN_UNUSED_FUNCTION = YES;
				GCC_WARN_UNUSED_VARIABLE = YES;
				IPHONEOS_DEPLOYMENT_TARGET = 14.0;
				MTL_ENABLE_DEBUG_INFO = NO;
				MTL_FAST_MATH = YES;
				SDKROOT = iphoneos;
				SWIFT_COMPILATION_MODE = wholemodule;
				SWIFT_OPTIMIZATION_LEVEL = "-O";
				VALIDATE_PRODUCT = YES;
			};
			name = Release;
		};
		913DB5C524A3650C009BEC46 /* Debug */ = {
			isa = XCBuildConfiguration;
			buildSettings = {
				ASSETCATALOG_COMPILER_APPICON_NAME = AppIcon;
				ASSETCATALOG_COMPILER_GLOBAL_ACCENT_COLOR_NAME = AccentColor;
				CODE_SIGN_STYLE = Automatic;
				DEVELOPMENT_ASSET_PATHS = "\"Cerca/Preview Content\"";
				DEVELOPMENT_TEAM = "";
				ENABLE_PREVIEWS = YES;
				INFOPLIST_FILE = Cerca/Info.plist;
				IPHONEOS_DEPLOYMENT_TARGET = 14.0;
				LD_RUNPATH_SEARCH_PATHS = (
					"$(inherited)",
					"@executable_path/Frameworks",
				);
				PRODUCT_BUNDLE_IDENTIFIER = com.desappstre.Cerca;
				PRODUCT_NAME = "$(TARGET_NAME)";
				SWIFT_VERSION = 5.0;
				TARGETED_DEVICE_FAMILY = "1,2";
			};
			name = Debug;
		};
		913DB5C624A3650C009BEC46 /* Release */ = {
			isa = XCBuildConfiguration;
			buildSettings = {
				ASSETCATALOG_COMPILER_APPICON_NAME = AppIcon;
				ASSETCATALOG_COMPILER_GLOBAL_ACCENT_COLOR_NAME = AccentColor;
				CODE_SIGN_STYLE = Automatic;
				DEVELOPMENT_ASSET_PATHS = "\"Cerca/Preview Content\"";
				DEVELOPMENT_TEAM = "";
				ENABLE_PREVIEWS = YES;
				INFOPLIST_FILE = Cerca/Info.plist;
				IPHONEOS_DEPLOYMENT_TARGET = 14.0;
				LD_RUNPATH_SEARCH_PATHS = (
					"$(inherited)",
					"@executable_path/Frameworks",
				);
				PRODUCT_BUNDLE_IDENTIFIER = com.desappstre.Cerca;
				PRODUCT_NAME = "$(TARGET_NAME)";
				SWIFT_VERSION = 5.0;
				TARGETED_DEVICE_FAMILY = "1,2";
			};
			name = Release;
		};
/* End XCBuildConfiguration section */

/* Begin XCConfigurationList section */
		913DB5B024A36502009BEC46 /* Build configuration list for PBXProject "Cerca" */ = {
			isa = XCConfigurationList;
			buildConfigurations = (
				913DB5C224A3650C009BEC46 /* Debug */,
				913DB5C324A3650C009BEC46 /* Release */,
			);
			defaultConfigurationIsVisible = 0;
			defaultConfigurationName = Release;
		};
		913DB5C424A3650C009BEC46 /* Build configuration list for PBXNativeTarget "Cerca" */ = {
			isa = XCConfigurationList;
			buildConfigurations = (
				913DB5C524A3650C009BEC46 /* Debug */,
				913DB5C624A3650C009BEC46 /* Release */,
			);
			defaultConfigurationIsVisible = 0;
			defaultConfigurationName = Release;
		};
/* End XCConfigurationList section */
	};
	rootObject = 913DB5AD24A36502009BEC46 /* Project object */;
}
